// !$*UTF8*$!
{
	archiveVersion = 1;
	classes = {
	};
	objectVersion = 50;
	objects = {

/* Begin PBXBuildFile section */
		FE17508A228F28C400446266 /* ToDoItem.swift in Sources */ = {isa = PBXBuildFile; fileRef = FE175089228F28C400446266 /* ToDoItem.swift */; };
		FE612E5B228605EE00780A08 /* AppDelegate.swift in Sources */ = {isa = PBXBuildFile; fileRef = FE612E5A228605EE00780A08 /* AppDelegate.swift */; };
		FE612E5D228605EE00780A08 /* ViewController.swift in Sources */ = {isa = PBXBuildFile; fileRef = FE612E5C228605EE00780A08 /* ViewController.swift */; };
		FE612E60228605EE00780A08 /* Main.storyboard in Resources */ = {isa = PBXBuildFile; fileRef = FE612E5E228605EE00780A08 /* Main.storyboard */; };
		FE612E62228605F000780A08 /* Assets.xcassets in Resources */ = {isa = PBXBuildFile; fileRef = FE612E61228605F000780A08 /* Assets.xcassets */; };
		FE612E65228605F000780A08 /* LaunchScreen.storyboard in Resources */ = {isa = PBXBuildFile; fileRef = FE612E63228605F000780A08 /* LaunchScreen.storyboard */; };
		FE612E6D2286136400780A08 /* AddToDoItemViewController.swift in Sources */ = {isa = PBXBuildFile; fileRef = FE612E6C2286136400780A08 /* AddToDoItemViewController.swift */; };
		FE612E6F2286144500780A08 /* ToDoListTableViewController.swift in Sources */ = {isa = PBXBuildFile; fileRef = FE612E6E2286144500780A08 /* ToDoListTableViewController.swift */; };
/* End PBXBuildFile section */

/* Begin PBXFileReference section */
		FE175089228F28C400446266 /* ToDoItem.swift */ = {isa = PBXFileReference; lastKnownFileType = sourcecode.swift; path = ToDoItem.swift; sourceTree = "<group>"; };
		FE612E57228605EE00780A08 /* TP_1.app */ = {isa = PBXFileReference; explicitFileType = wrapper.application; includeInIndex = 0; path = TP_1.app; sourceTree = BUILT_PRODUCTS_DIR; };
		FE612E5A228605EE00780A08 /* AppDelegate.swift */ = {isa = PBXFileReference; lastKnownFileType = sourcecode.swift; path = AppDelegate.swift; sourceTree = "<group>"; };
		FE612E5C228605EE00780A08 /* ViewController.swift */ = {isa = PBXFileReference; lastKnownFileType = sourcecode.swift; path = ViewController.swift; sourceTree = "<group>"; };
		FE612E5F228605EE00780A08 /* Base */ = {isa = PBXFileReference; lastKnownFileType = file.storyboard; name = Base; path = Base.lproj/Main.storyboard; sourceTree = "<group>"; };
		FE612E61228605F000780A08 /* Assets.xcassets */ = {isa = PBXFileReference; lastKnownFileType = folder.assetcatalog; path = Assets.xcassets; sourceTree = "<group>"; };
		FE612E64228605F000780A08 /* Base */ = {isa = PBXFileReference; lastKnownFileType = file.storyboard; name = Base; path = Base.lproj/LaunchScreen.storyboard; sourceTree = "<group>"; };
		FE612E66228605F000780A08 /* Info.plist */ = {isa = PBXFileReference; lastKnownFileType = text.plist.xml; path = Info.plist; sourceTree = "<group>"; };
		FE612E6C2286136400780A08 /* AddToDoItemViewController.swift */ = {isa = PBXFileReference; lastKnownFileType = sourcecode.swift; path = AddToDoItemViewController.swift; sourceTree = "<group>"; };
		FE612E6E2286144500780A08 /* ToDoListTableViewController.swift */ = {isa = PBXFileReference; lastKnownFileType = sourcecode.swift; path = ToDoListTableViewController.swift; sourceTree = "<group>"; };
/* End PBXFileReference section */

/* Begin PBXFrameworksBuildPhase section */
		FE612E54228605EE00780A08 /* Frameworks */ = {
			isa = PBXFrameworksBuildPhase;
			buildActionMask = 2147483647;
			files = (
			);
			runOnlyForDeploymentPostprocessing = 0;
		};
/* End PBXFrameworksBuildPhase section */

/* Begin PBXGroup section */
		FE612E4E228605EE00780A08 = {
			isa = PBXGroup;
			children = (
				FE612E59228605EE00780A08 /* TP_1 */,
				FE612E58228605EE00780A08 /* Products */,
			);
			sourceTree = "<group>";
		};
		FE612E58228605EE00780A08 /* Products */ = {
			isa = PBXGroup;
			children = (
				FE612E57228605EE00780A08 /* TP_1.app */,
			);
			name = Products;
			sourceTree = "<group>";
		};
		FE612E59228605EE00780A08 /* TP_1 */ = {
			isa = PBXGroup;
			children = (
				FE612E5A228605EE00780A08 /* AppDelegate.swift */,
				FE612E5C228605EE00780A08 /* ViewController.swift */,
				FE612E5E228605EE00780A08 /* Main.storyboard */,
				FE612E6E2286144500780A08 /* ToDoListTableViewController.swift */,
				FE175089228F28C400446266 /* ToDoItem.swift */,
				FE612E6C2286136400780A08 /* AddToDoItemViewController.swift */,
				FE612E61228605F000780A08 /* Assets.xcassets */,
				FE612E63228605F000780A08 /* LaunchScreen.storyboard */,
				FE612E66228605F000780A08 /* Info.plist */,
			);
			path = TP_1;
			sourceTree = "<group>";
		};
/* End PBXGroup section */

/* Begin PBXNativeTarget section */
		FE612E56228605EE00780A08 /* TP_1 */ = {
			isa = PBXNativeTarget;
			buildConfigurationList = FE612E69228605F000780A08 /* Build configuration list for PBXNativeTarget "TP_1" */;
			buildPhases = (
				FE612E53228605EE00780A08 /* Sources */,
				FE612E54228605EE00780A08 /* Frameworks */,
				FE612E55228605EE00780A08 /* Resources */,
			);
			buildRules = (
			);
			dependencies = (
			);
			name = TP_1;
			productName = TP_1;
			productReference = FE612E57228605EE00780A08 /* TP_1.app */;
			productType = "com.apple.product-type.application";
		};
/* End PBXNativeTarget section */

/* Begin PBXProject section */
		FE612E4F228605EE00780A08 /* Project object */ = {
			isa = PBXProject;
			attributes = {
				LastSwiftUpdateCheck = 1020;
				LastUpgradeCheck = 1020;
				ORGANIZATIONNAME = "Marie-Anne Grand";
				TargetAttributes = {
					FE612E56228605EE00780A08 = {
						CreatedOnToolsVersion = 10.2.1;
					};
				};
			};
			buildConfigurationList = FE612E52228605EE00780A08 /* Build configuration list for PBXProject "TP_1" */;
			compatibilityVersion = "Xcode 9.3";
			developmentRegion = en;
			hasScannedForEncodings = 0;
			knownRegions = (
				en,
				Base,
			);
			mainGroup = FE612E4E228605EE00780A08;
			productRefGroup = FE612E58228605EE00780A08 /* Products */;
			projectDirPath = "";
			projectRoot = "";
			targets = (
				FE612E56228605EE00780A08 /* TP_1 */,
			);
		};
/* End PBXProject section */

/* Begin PBXResourcesBuildPhase section */
		FE612E55228605EE00780A08 /* Resources */ = {
			isa = PBXResourcesBuildPhase;
			buildActionMask = 2147483647;
			files = (
				FE612E65228605F000780A08 /* LaunchScreen.storyboard in Resources */,
				FE612E62228605F000780A08 /* Assets.xcassets in Resources */,
				FE612E60228605EE00780A08 /* Main.storyboard in Resources */,
			);
			runOnlyForDeploymentPostprocessing = 0;
		};
/* End PBXResourcesBuildPhase section */

/* Begin PBXSourcesBuildPhase section */
		FE612E53228605EE00780A08 /* Sources */ = {
			isa = PBXSourcesBuildPhase;
			buildActionMask = 2147483647;
			files = (
				FE612E5D228605EE00780A08 /* ViewController.swift in Sources */,
				FE612E6D2286136400780A08 /* AddToDoItemViewController.swift in Sources */,
				FE17508A228F28C400446266 /* ToDoItem.swift in Sources */,
				FE612E5B228605EE00780A08 /* AppDelegate.swift in Sources */,
				FE612E6F2286144500780A08 /* ToDoListTableViewController.swift in Sources */,
			);
			runOnlyForDeploymentPostprocessing = 0;
		};
/* End PBXSourcesBuildPhase section */

/* Begin PBXVariantGroup section */
		FE612E5E228605EE00780A08 /* Main.storyboard */ = {
			isa = PBXVariantGroup;
			children = (
				FE612E5F228605EE00780A08 /* Base */,
			);
			name = Main.storyboard;
			sourceTree = "<group>";
		};
		FE612E63228605F000780A08 /* LaunchScreen.storyboard */ = {
			isa = PBXVariantGroup;
			children = (
				FE612E64228605F000780A08 /* Base */,
			);
			name = LaunchScreen.storyboard;
			sourceTree = "<group>";
		};
/* End PBXVariantGroup section */

/* Begin XCBuildConfiguration section */
		FE612E67228605F000780A08 /* Debug */ = {
			isa = XCBuildConfiguration;
			buildSettings = {
				ALWAYS_SEARCH_USER_PATHS = NO;
				CLANG_ANALYZER_NONNULL = YES;
				CLANG_ANALYZER_NUMBER_OBJECT_CONVERSION = YES_AGGRESSIVE;
				CLANG_CXX_LANGUAGE_STANDARD = "gnu++14";
				CLANG_CXX_LIBRARY = "libc++";
				CLANG_ENABLE_MODULES = YES;
				CLANG_ENABLE_OBJC_ARC = YES;
				CLANG_ENABLE_OBJC_WEAK = YES;
				CLANG_WARN_BLOCK_CAPTURE_AUTORELEASING = YES;
				CLANG_WARN_BOOL_CONVERSION = YES;
				CLANG_WARN_COMMA = YES;
				CLANG_WARN_CONSTANT_CONVERSION = YES;
				CLANG_WARN_DEPRECATED_OBJC_IMPLEMENTATIONS = YES;
				CLANG_WARN_DIRECT_OBJC_ISA_USAGE = YES_ERROR;
				CLANG_WARN_DOCUMENTATION_COMMENTS = YES;
				CLANG_WARN_EMPTY_BODY = YES;
				CLANG_WARN_ENUM_CONVERSION = YES;
				CLANG_WARN_INFINITE_RECURSION = YES;
				CLANG_WARN_INT_CONVERSION = YES;
				CLANG_WARN_NON_LITERAL_NULL_CONVERSION = YES;
				CLANG_WARN_OBJC_IMPLICIT_RETAIN_SELF = YES;
				CLANG_WARN_OBJC_LITERAL_CONVERSION = YES;
				CLANG_WARN_OBJC_ROOT_CLASS = YES_ERROR;
				CLANG_WARN_RANGE_LOOP_ANALYSIS = YES;
				CLANG_WARN_STRICT_PROTOTYPES = YES;
				CLANG_WARN_SUSPICIOUS_MOVE = YES;
				CLANG_WARN_UNGUARDED_AVAILABILITY = YES_AGGRESSIVE;
				CLANG_WARN_UNREACHABLE_CODE = YES;
				CLANG_WARN__DUPLICATE_METHOD_MATCH = YES;
				CODE_SIGN_IDENTITY = "iPhone Developer";
				COPY_PHASE_STRIP = NO;
				DEBUG_INFORMATION_FORMAT = dwarf;
				ENABLE_STRICT_OBJC_MSGSEND = YES;
				ENABLE_TESTABILITY = YES;
				GCC_C_LANGUAGE_STANDARD = gnu11;
				GCC_DYNAMIC_NO_PIC = NO;
				GCC_NO_COMMON_BLOCKS = YES;
				GCC_OPTIMIZATION_LEVEL = 0;
				GCC_PREPROCESSOR_DEFINITIONS = (
					"DEBUG=1",
					"$(inherited)",
				);
				GCC_WARN_64_TO_32_BIT_CONVERSION = YES;
				GCC_WARN_ABOUT_RETURN_TYPE = YES_ERROR;
				GCC_WARN_UNDECLARED_SELECTOR = YES;
				GCC_WARN_UNINITIALIZED_AUTOS = YES_AGGRESSIVE;
				GCC_WARN_UNUSED_FUNCTION = YES;
				GCC_WARN_UNUSED_VARIABLE = YES;
				IPHONEOS_DEPLOYMENT_TARGET = 12.2;
				MTL_ENABLE_DEBUG_INFO = INCLUDE_SOURCE;
				MTL_FAST_MATH = YES;
				ONLY_ACTIVE_ARCH = YES;
				SDKROOT = iphoneos;
				SWIFT_ACTIVE_COMPILATION_CONDITIONS = DEBUG;
				SWIFT_OPTIMIZATION_LEVEL = "-Onone";
			};
			name = Debug;
		};
		FE612E68228605F000780A08 /* Release */ = {
			isa = XCBuildConfiguration;
			buildSettings = {
				ALWAYS_SEARCH_USER_PATHS = NO;
				CLANG_ANALYZER_NONNULL = YES;
				CLANG_ANALYZER_NUMBER_OBJECT_CONVERSION = YES_AGGRESSIVE;
				CLANG_CXX_LANGUAGE_STANDARD = "gnu++14";
				CLANG_CXX_LIBRARY = "libc++";
				CLANG_ENABLE_MODULES = YES;
				CLANG_ENABLE_OBJC_ARC = YES;
				CLANG_ENABLE_OBJC_WEAK = YES;
				CLANG_WARN_BLOCK_CAPTURE_AUTORELEASING = YES;
				CLANG_WARN_BOOL_CONVERSION = YES;
				CLANG_WARN_COMMA = YES;
				CLANG_WARN_CONSTANT_CONVERSION = YES;
				CLANG_WARN_DEPRECATED_OBJC_IMPLEMENTATIONS = YES;
				CLANG_WARN_DIRECT_OBJC_ISA_USAGE = YES_ERROR;
				CLANG_WARN_DOCUMENTATION_COMMENTS = YES;
				CLANG_WARN_EMPTY_BODY = YES;
				CLANG_WARN_ENUM_CONVERSION = YES;
				CLANG_WARN_INFINITE_RECURSION = YES;
				CLANG_WARN_INT_CONVERSION = YES;
				CLANG_WARN_NON_LITERAL_NULL_CONVERSION = YES;
				CLANG_WARN_OBJC_IMPLICIT_RETAIN_SELF = YES;
				CLANG_WARN_OBJC_LITERAL_CONVERSION = YES;
				CLANG_WARN_OBJC_ROOT_CLASS = YES_ERROR;
				CLANG_WARN_RANGE_LOOP_ANALYSIS = YES;
				CLANG_WARN_STRICT_PROTOTYPES = YES;
				CLANG_WARN_SUSPICIOUS_MOVE = YES;
				CLANG_WARN_UNGUARDED_AVAILABILITY = YES_AGGRESSIVE;
				CLANG_WARN_UNREACHABLE_CODE = YES;
				CLANG_WARN__DUPLICATE_METHOD_MATCH = YES;
				CODE_SIGN_IDENTITY = "iPhone Developer";
				COPY_PHASE_STRIP = NO;
				DEBUG_INFORMATION_FORMAT = "dwarf-with-dsym";
				ENABLE_NS_ASSERTIONS = NO;
				ENABLE_STRICT_OBJC_MSGSEND = YES;
				GCC_C_LANGUAGE_STANDARD = gnu11;
				GCC_NO_COMMON_BLOCKS = YES;
				GCC_WARN_64_TO_32_BIT_CONVERSION = YES;
				GCC_WARN_ABOUT_RETURN_TYPE = YES_ERROR;
				GCC_WARN_UNDECLARED_SELECTOR = YES;
				GCC_WARN_UNINITIALIZED_AUTOS = YES_AGGRESSIVE;
				GCC_WARN_UNUSED_FUNCTION = YES;
				GCC_WARN_UNUSED_VARIABLE = YES;
				IPHONEOS_DEPLOYMENT_TARGET = 12.2;
				MTL_ENABLE_DEBUG_INFO = NO;
				MTL_FAST_MATH = YES;
				SDKROOT = iphoneos;
				SWIFT_COMPILATION_MODE = wholemodule;
				SWIFT_OPTIMIZATION_LEVEL = "-O";
				VALIDATE_PRODUCT = YES;
			};
			name = Release;
		};
		FE612E6A228605F000780A08 /* Debug */ = {
			isa = XCBuildConfiguration;
			buildSettings = {
				ASSETCATALOG_COMPILER_APPICON_NAME = AppIcon;
				CODE_SIGN_STYLE = Automatic;
				DEVELOPMENT_TEAM = CS4X4T4G32;
				INFOPLIST_FILE = TP_1/Info.plist;
				LD_RUNPATH_SEARCH_PATHS = (
					"$(inherited)",
					"@executable_path/Frameworks",
				);
				PRODUCT_BUNDLE_IDENTIFIER = "com.epita.mti.TP-1";
				PRODUCT_NAME = "$(TARGET_NAME)";
				SWIFT_VERSION = 5.0;
				TARGETED_DEVICE_FAMILY = "1,2";
			};
			name = Debug;
		};
		FE612E6B228605F000780A08 /* Release */ = {
			isa = XCBuildConfiguration;
			buildSettings = {
				ASSETCATALOG_COMPILER_APPICON_NAME = AppIcon;
				CODE_SIGN_STYLE = Automatic;
				DEVELOPMENT_TEAM = CS4X4T4G32;
				INFOPLIST_FILE = TP_1/Info.plist;
				LD_RUNPATH_SEARCH_PATHS = (
					"$(inherited)",
					"@executable_path/Frameworks",
				);
				PRODUCT_BUNDLE_IDENTIFIER = "com.epita.mti.TP-1";
				PRODUCT_NAME = "$(TARGET_NAME)";
				SWIFT_VERSION = 5.0;
				TARGETED_DEVICE_FAMILY = "1,2";
			};
			name = Release;
		};
/* End XCBuildConfiguration section */

/* Begin XCConfigurationList section */
		FE612E52228605EE00780A08 /* Build configuration list for PBXProject "TP_1" */ = {
			isa = XCConfigurationList;
			buildConfigurations = (
				FE612E67228605F000780A08 /* Debug */,
				FE612E68228605F000780A08 /* Release */,
			);
			defaultConfigurationIsVisible = 0;
			defaultConfigurationName = Release;
		};
		FE612E69228605F000780A08 /* Build configuration list for PBXNativeTarget "TP_1" */ = {
			isa = XCConfigurationList;
			buildConfigurations = (
				FE612E6A228605F000780A08 /* Debug */,
				FE612E6B228605F000780A08 /* Release */,
			);
			defaultConfigurationIsVisible = 0;
			defaultConfigurationName = Release;
		};
/* End XCConfigurationList section */
	};
	rootObject = FE612E4F228605EE00780A08 /* Project object */;
}
